// !$*UTF8*$!
{
	archiveVersion = 1;
	classes = {
	};
	objectVersion = 48;
	objects = {

/* Begin PBXBuildFile section */
		026D55501FE1220600F4E35E /* abc.aac in Resources */ = {isa = PBXBuildFile; fileRef = 026D554F1FE1220600F4E35E /* abc.aac */; };
		026D55541FE122A100F4E35E /* AVAudioController.m in Sources */ = {isa = PBXBuildFile; fileRef = 026D55531FE122A100F4E35E /* AVAudioController.m */; };
		02F2BC2C1FD4F9B100D3CAF3 /* AppDelegate.m in Sources */ = {isa = PBXBuildFile; fileRef = 02F2BC2B1FD4F9B100D3CAF3 /* AppDelegate.m */; };
		02F2BC2F1FD4F9B100D3CAF3 /* ViewController.m in Sources */ = {isa = PBXBuildFile; fileRef = 02F2BC2E1FD4F9B100D3CAF3 /* ViewController.m */; };
		02F2BC321FD4F9B100D3CAF3 /* Main.storyboard in Resources */ = {isa = PBXBuildFile; fileRef = 02F2BC301FD4F9B100D3CAF3 /* Main.storyboard */; };
		02F2BC341FD4F9B100D3CAF3 /* Assets.xcassets in Resources */ = {isa = PBXBuildFile; fileRef = 02F2BC331FD4F9B100D3CAF3 /* Assets.xcassets */; };
		02F2BC371FD4F9B100D3CAF3 /* LaunchScreen.storyboard in Resources */ = {isa = PBXBuildFile; fileRef = 02F2BC351FD4F9B100D3CAF3 /* LaunchScreen.storyboard */; };
		02F2BC3A1FD4F9B100D3CAF3 /* main.m in Sources */ = {isa = PBXBuildFile; fileRef = 02F2BC391FD4F9B100D3CAF3 /* main.m */; };
		02F2BC461FD511BE00D3CAF3 /* MasonryTableController.m in Sources */ = {isa = PBXBuildFile; fileRef = 02F2BC451FD511BE00D3CAF3 /* MasonryTableController.m */; };
		02F2BC491FD5139100D3CAF3 /* MasonryCell.m in Sources */ = {isa = PBXBuildFile; fileRef = 02F2BC481FD5139100D3CAF3 /* MasonryCell.m */; };
		02F2BC4C1FD51AED00D3CAF3 /* YYFPSLabel.m in Sources */ = {isa = PBXBuildFile; fileRef = 02F2BC4A1FD51AED00D3CAF3 /* YYFPSLabel.m */; };
		5E5C682735A687EC9D5EF8D9 /* libPods-MyTestProject.a in Frameworks */ = {isa = PBXBuildFile; fileRef = 06264E5E08938E0D8AEB42E4 /* libPods-MyTestProject.a */; };
/* End PBXBuildFile section */

/* Begin PBXFileReference section */
		026D554F1FE1220600F4E35E /* abc.aac */ = {isa = PBXFileReference; lastKnownFileType = file; path = abc.aac; sourceTree = "<group>"; };
		026D55521FE122A100F4E35E /* AVAudioController.h */ = {isa = PBXFileReference; lastKnownFileType = sourcecode.c.h; path = AVAudioController.h; sourceTree = "<group>"; };
		026D55531FE122A100F4E35E /* AVAudioController.m */ = {isa = PBXFileReference; lastKnownFileType = sourcecode.c.objc; path = AVAudioController.m; sourceTree = "<group>"; };
		02F2BC271FD4F9B100D3CAF3 /* MyTestProject.app */ = {isa = PBXFileReference; explicitFileType = wrapper.application; includeInIndex = 0; path = MyTestProject.app; sourceTree = BUILT_PRODUCTS_DIR; };
		02F2BC2A1FD4F9B100D3CAF3 /* AppDelegate.h */ = {isa = PBXFileReference; lastKnownFileType = sourcecode.c.h; path = AppDelegate.h; sourceTree = "<group>"; };
		02F2BC2B1FD4F9B100D3CAF3 /* AppDelegate.m */ = {isa = PBXFileReference; lastKnownFileType = sourcecode.c.objc; path = AppDelegate.m; sourceTree = "<group>"; };
		02F2BC2D1FD4F9B100D3CAF3 /* ViewController.h */ = {isa = PBXFileReference; lastKnownFileType = sourcecode.c.h; path = ViewController.h; sourceTree = "<group>"; };
		02F2BC2E1FD4F9B100D3CAF3 /* ViewController.m */ = {isa = PBXFileReference; lastKnownFileType = sourcecode.c.objc; path = ViewController.m; sourceTree = "<group>"; };
		02F2BC311FD4F9B100D3CAF3 /* Base */ = {isa = PBXFileReference; lastKnownFileType = file.storyboard; name = Base; path = Base.lproj/Main.storyboard; sourceTree = "<group>"; };
		02F2BC331FD4F9B100D3CAF3 /* Assets.xcassets */ = {isa = PBXFileReference; lastKnownFileType = folder.assetcatalog; path = Assets.xcassets; sourceTree = "<group>"; };
		02F2BC361FD4F9B100D3CAF3 /* Base */ = {isa = PBXFileReference; lastKnownFileType = file.storyboard; name = Base; path = Base.lproj/LaunchScreen.storyboard; sourceTree = "<group>"; };
		02F2BC381FD4F9B100D3CAF3 /* Info.plist */ = {isa = PBXFileReference; lastKnownFileType = text.plist.xml; path = Info.plist; sourceTree = "<group>"; };
		02F2BC391FD4F9B100D3CAF3 /* main.m */ = {isa = PBXFileReference; lastKnownFileType = sourcecode.c.objc; path = main.m; sourceTree = "<group>"; };
		02F2BC441FD511BE00D3CAF3 /* MasonryTableController.h */ = {isa = PBXFileReference; lastKnownFileType = sourcecode.c.h; path = MasonryTableController.h; sourceTree = "<group>"; };
		02F2BC451FD511BE00D3CAF3 /* MasonryTableController.m */ = {isa = PBXFileReference; lastKnownFileType = sourcecode.c.objc; path = MasonryTableController.m; sourceTree = "<group>"; };
		02F2BC471FD5139100D3CAF3 /* MasonryCell.h */ = {isa = PBXFileReference; lastKnownFileType = sourcecode.c.h; path = MasonryCell.h; sourceTree = "<group>"; };
		02F2BC481FD5139100D3CAF3 /* MasonryCell.m */ = {isa = PBXFileReference; lastKnownFileType = sourcecode.c.objc; path = MasonryCell.m; sourceTree = "<group>"; };
		02F2BC4A1FD51AED00D3CAF3 /* YYFPSLabel.m */ = {isa = PBXFileReference; fileEncoding = 4; lastKnownFileType = sourcecode.c.objc; path = YYFPSLabel.m; sourceTree = "<group>"; };
		02F2BC4B1FD51AED00D3CAF3 /* YYFPSLabel.h */ = {isa = PBXFileReference; fileEncoding = 4; lastKnownFileType = sourcecode.c.h; path = YYFPSLabel.h; sourceTree = "<group>"; };
		06264E5E08938E0D8AEB42E4 /* libPods-MyTestProject.a */ = {isa = PBXFileReference; explicitFileType = archive.ar; includeInIndex = 0; path = "libPods-MyTestProject.a"; sourceTree = BUILT_PRODUCTS_DIR; };
		0F06A79B694C9AFB9D3F2C68 /* Pods-MyTestProject.release.xcconfig */ = {isa = PBXFileReference; includeInIndex = 1; lastKnownFileType = text.xcconfig; name = "Pods-MyTestProject.release.xcconfig"; path = "Pods/Target Support Files/Pods-MyTestProject/Pods-MyTestProject.release.xcconfig"; sourceTree = "<group>"; };
		F3D9691744A1FDF565E0EE87 /* Pods-MyTestProject.debug.xcconfig */ = {isa = PBXFileReference; includeInIndex = 1; lastKnownFileType = text.xcconfig; name = "Pods-MyTestProject.debug.xcconfig"; path = "Pods/Target Support Files/Pods-MyTestProject/Pods-MyTestProject.debug.xcconfig"; sourceTree = "<group>"; };
/* End PBXFileReference section */

/* Begin PBXFrameworksBuildPhase section */
		02F2BC241FD4F9B100D3CAF3 /* Frameworks */ = {
			isa = PBXFrameworksBuildPhase;
			buildActionMask = 2147483647;
			files = (
				5E5C682735A687EC9D5EF8D9 /* libPods-MyTestProject.a in Frameworks */,
			);
			runOnlyForDeploymentPostprocessing = 0;
		};
/* End PBXFrameworksBuildPhase section */

/* Begin PBXGroup section */
		026D55511FE1228400F4E35E /* AVAudioPlayerDemo */ = {
			isa = PBXGroup;
			children = (
				026D55521FE122A100F4E35E /* AVAudioController.h */,
				026D55531FE122A100F4E35E /* AVAudioController.m */,
			);
			path = AVAudioPlayerDemo;
			sourceTree = "<group>";
		};
		02F2BC1E1FD4F9B100D3CAF3 = {
			isa = PBXGroup;
			children = (
				02F2BC291FD4F9B100D3CAF3 /* MyTestProject */,
				02F2BC281FD4F9B100D3CAF3 /* Products */,
				343EE67C646D9C308F198174 /* Pods */,
				83D875C4933E80C558AB4152 /* Frameworks */,
			);
			sourceTree = "<group>";
		};
		02F2BC281FD4F9B100D3CAF3 /* Products */ = {
			isa = PBXGroup;
			children = (
				02F2BC271FD4F9B100D3CAF3 /* MyTestProject.app */,
			);
			name = Products;
			sourceTree = "<group>";
		};
		02F2BC291FD4F9B100D3CAF3 /* MyTestProject */ = {
			isa = PBXGroup;
			children = (
				026D554F1FE1220600F4E35E /* abc.aac */,
				02F2BC401FD5119500D3CAF3 /* MasonryDemo */,
				026D55511FE1228400F4E35E /* AVAudioPlayerDemo */,
				02F2BC2A1FD4F9B100D3CAF3 /* AppDelegate.h */,
				02F2BC2B1FD4F9B100D3CAF3 /* AppDelegate.m */,
				02F2BC2D1FD4F9B100D3CAF3 /* ViewController.h */,
				02F2BC2E1FD4F9B100D3CAF3 /* ViewController.m */,
				02F2BC4B1FD51AED00D3CAF3 /* YYFPSLabel.h */,
				02F2BC4A1FD51AED00D3CAF3 /* YYFPSLabel.m */,
				02F2BC301FD4F9B100D3CAF3 /* Main.storyboard */,
				02F2BC331FD4F9B100D3CAF3 /* Assets.xcassets */,
				02F2BC351FD4F9B100D3CAF3 /* LaunchScreen.storyboard */,
				02F2BC381FD4F9B100D3CAF3 /* Info.plist */,
				02F2BC391FD4F9B100D3CAF3 /* main.m */,
			);
			path = MyTestProject;
			sourceTree = "<group>";
		};
		02F2BC401FD5119500D3CAF3 /* MasonryDemo */ = {
			isa = PBXGroup;
			children = (
				02F2BC441FD511BE00D3CAF3 /* MasonryTableController.h */,
				02F2BC451FD511BE00D3CAF3 /* MasonryTableController.m */,
				02F2BC471FD5139100D3CAF3 /* MasonryCell.h */,
				02F2BC481FD5139100D3CAF3 /* MasonryCell.m */,
			);
			path = MasonryDemo;
			sourceTree = "<group>";
		};
		343EE67C646D9C308F198174 /* Pods */ = {
			isa = PBXGroup;
			children = (
				F3D9691744A1FDF565E0EE87 /* Pods-MyTestProject.debug.xcconfig */,
				0F06A79B694C9AFB9D3F2C68 /* Pods-MyTestProject.release.xcconfig */,
			);
			name = Pods;
			sourceTree = "<group>";
		};
		83D875C4933E80C558AB4152 /* Frameworks */ = {
			isa = PBXGroup;
			children = (
				06264E5E08938E0D8AEB42E4 /* libPods-MyTestProject.a */,
			);
			name = Frameworks;
			sourceTree = "<group>";
		};
/* End PBXGroup section */

/* Begin PBXNativeTarget section */
		02F2BC261FD4F9B100D3CAF3 /* MyTestProject */ = {
			isa = PBXNativeTarget;
			buildConfigurationList = 02F2BC3D1FD4F9B100D3CAF3 /* Build configuration list for PBXNativeTarget "MyTestProject" */;
			buildPhases = (
				FAF5E800204A5670868D129D /* [CP] Check Pods Manifest.lock */,
				02F2BC231FD4F9B100D3CAF3 /* Sources */,
				02F2BC241FD4F9B100D3CAF3 /* Frameworks */,
				02F2BC251FD4F9B100D3CAF3 /* Resources */,
				8FC3279CF69CD5997B34589E /* [CP] Embed Pods Frameworks */,
				CF6156CD331AAEF6DABA1B3C /* [CP] Copy Pods Resources */,
			);
			buildRules = (
			);
			dependencies = (
			);
			name = MyTestProject;
			productName = MyTestProject;
			productReference = 02F2BC271FD4F9B100D3CAF3 /* MyTestProject.app */;
			productType = "com.apple.product-type.application";
		};
/* End PBXNativeTarget section */

/* Begin PBXProject section */
		02F2BC1F1FD4F9B100D3CAF3 /* Project object */ = {
			isa = PBXProject;
			attributes = {
				LastUpgradeCheck = 0920;
				ORGANIZATIONNAME = "GT-iOS";
				TargetAttributes = {
					02F2BC261FD4F9B100D3CAF3 = {
						CreatedOnToolsVersion = 9.2;
						ProvisioningStyle = Automatic;
					};
				};
			};
			buildConfigurationList = 02F2BC221FD4F9B100D3CAF3 /* Build configuration list for PBXProject "MyTestProject" */;
			compatibilityVersion = "Xcode 8.0";
			developmentRegion = en;
			hasScannedForEncodings = 0;
			knownRegions = (
				en,
				Base,
			);
			mainGroup = 02F2BC1E1FD4F9B100D3CAF3;
			productRefGroup = 02F2BC281FD4F9B100D3CAF3 /* Products */;
			projectDirPath = "";
			projectRoot = "";
			targets = (
				02F2BC261FD4F9B100D3CAF3 /* MyTestProject */,
			);
		};
/* End PBXProject section */

/* Begin PBXResourcesBuildPhase section */
		02F2BC251FD4F9B100D3CAF3 /* Resources */ = {
			isa = PBXResourcesBuildPhase;
			buildActionMask = 2147483647;
			files = (
				026D55501FE1220600F4E35E /* abc.aac in Resources */,
				02F2BC371FD4F9B100D3CAF3 /* LaunchScreen.storyboard in Resources */,
				02F2BC341FD4F9B100D3CAF3 /* Assets.xcassets in Resources */,
				02F2BC321FD4F9B100D3CAF3 /* Main.storyboard in Resources */,
			);
			runOnlyForDeploymentPostprocessing = 0;
		};
/* End PBXResourcesBuildPhase section */

/* Begin PBXShellScriptBuildPhase section */
		8FC3279CF69CD5997B34589E /* [CP] Embed Pods Frameworks */ = {
			isa = PBXShellScriptBuildPhase;
			buildActionMask = 2147483647;
			files = (
			);
			inputPaths = (
			);
			name = "[CP] Embed Pods Frameworks";
			outputPaths = (
			);
			runOnlyForDeploymentPostprocessing = 0;
			shellPath = /bin/sh;
			shellScript = "\"${SRCROOT}/Pods/Target Support Files/Pods-MyTestProject/Pods-MyTestProject-frameworks.sh\"\n";
			showEnvVarsInLog = 0;
		};
		CF6156CD331AAEF6DABA1B3C /* [CP] Copy Pods Resources */ = {
			isa = PBXShellScriptBuildPhase;
			buildActionMask = 2147483647;
			files = (
			);
			inputPaths = (
			);
			name = "[CP] Copy Pods Resources";
			outputPaths = (
			);
			runOnlyForDeploymentPostprocessing = 0;
			shellPath = /bin/sh;
			shellScript = "\"${SRCROOT}/Pods/Target Support Files/Pods-MyTestProject/Pods-MyTestProject-resources.sh\"\n";
			showEnvVarsInLog = 0;
		};
		FAF5E800204A5670868D129D /* [CP] Check Pods Manifest.lock */ = {
			isa = PBXShellScriptBuildPhase;
			buildActionMask = 2147483647;
			files = (
			);
			inputPaths = (
			);
			name = "[CP] Check Pods Manifest.lock";
			outputPaths = (
			);
			runOnlyForDeploymentPostprocessing = 0;
			shellPath = /bin/sh;
			shellScript = "diff \"${PODS_PODFILE_DIR_PATH}/Podfile.lock\" \"${PODS_ROOT}/Manifest.lock\" > /dev/null\nif [ $? != 0 ] ; then\n    # print error to STDERR\n    echo \"error: The sandbox is not in sync with the Podfile.lock. Run 'pod install' or update your CocoaPods installation.\" >&2\n    exit 1\nfi\n";
			showEnvVarsInLog = 0;
		};
/* End PBXShellScriptBuildPhase section */

/* Begin PBXSourcesBuildPhase section */
		02F2BC231FD4F9B100D3CAF3 /* Sources */ = {
			isa = PBXSourcesBuildPhase;
			buildActionMask = 2147483647;
			files = (
				02F2BC4C1FD51AED00D3CAF3 /* YYFPSLabel.m in Sources */,
				02F2BC461FD511BE00D3CAF3 /* MasonryTableController.m in Sources */,
				02F2BC2F1FD4F9B100D3CAF3 /* ViewController.m in Sources */,
				02F2BC3A1FD4F9B100D3CAF3 /* main.m in Sources */,
				02F2BC2C1FD4F9B100D3CAF3 /* AppDelegate.m in Sources */,
				026D55541FE122A100F4E35E /* AVAudioController.m in Sources */,
				02F2BC491FD5139100D3CAF3 /* MasonryCell.m in Sources */,
			);
			runOnlyForDeploymentPostprocessing = 0;
		};
/* End PBXSourcesBuildPhase section */

/* Begin PBXVariantGroup section */
		02F2BC301FD4F9B100D3CAF3 /* Main.storyboard */ = {
			isa = PBXVariantGroup;
			children = (
				02F2BC311FD4F9B100D3CAF3 /* Base */,
			);
			name = Main.storyboard;
			sourceTree = "<group>";
		};
		02F2BC351FD4F9B100D3CAF3 /* LaunchScreen.storyboard */ = {
			isa = PBXVariantGroup;
			children = (
				02F2BC361FD4F9B100D3CAF3 /* Base */,
			);
			name = LaunchScreen.storyboard;
			sourceTree = "<group>";
		};
/* End PBXVariantGroup section */

/* Begin XCBuildConfiguration section */
		02F2BC3B1FD4F9B100D3CAF3 /* Debug */ = {
			isa = XCBuildConfiguration;
			buildSettings = {
				ALWAYS_SEARCH_USER_PATHS = NO;
				CLANG_ANALYZER_NONNULL = YES;
				CLANG_ANALYZER_NUMBER_OBJECT_CONVERSION = YES_AGGRESSIVE;
				CLANG_CXX_LANGUAGE_STANDARD = "gnu++14";
				CLANG_CXX_LIBRARY = "libc++";
				CLANG_ENABLE_MODULES = YES;
				CLANG_ENABLE_OBJC_ARC = YES;
				CLANG_WARN_BLOCK_CAPTURE_AUTORELEASING = YES;
				CLANG_WARN_BOOL_CONVERSION = YES;
				CLANG_WARN_COMMA = YES;
				CLANG_WARN_CONSTANT_CONVERSION = YES;
				CLANG_WARN_DIRECT_OBJC_ISA_USAGE = YES_ERROR;
				CLANG_WARN_DOCUMENTATION_COMMENTS = YES;
				CLANG_WARN_EMPTY_BODY = YES;
				CLANG_WARN_ENUM_CONVERSION = YES;
				CLANG_WARN_INFINITE_RECURSION = YES;
				CLANG_WARN_INT_CONVERSION = YES;
				CLANG_WARN_NON_LITERAL_NULL_CONVERSION = YES;
				CLANG_WARN_OBJC_LITERAL_CONVERSION = YES;
				CLANG_WARN_OBJC_ROOT_CLASS = YES_ERROR;
				CLANG_WARN_RANGE_LOOP_ANALYSIS = YES;
				CLANG_WARN_STRICT_PROTOTYPES = YES;
				CLANG_WARN_SUSPICIOUS_MOVE = YES;
				CLANG_WARN_UNGUARDED_AVAILABILITY = YES_AGGRESSIVE;
				CLANG_WARN_UNREACHABLE_CODE = YES;
				CLANG_WARN__DUPLICATE_METHOD_MATCH = YES;
				CODE_SIGN_IDENTITY = "iPhone Developer";
				COPY_PHASE_STRIP = NO;
				DEBUG_INFORMATION_FORMAT = dwarf;
				ENABLE_STRICT_OBJC_MSGSEND = YES;
				ENABLE_TESTABILITY = YES;
				GCC_C_LANGUAGE_STANDARD = gnu11;
				GCC_DYNAMIC_NO_PIC = NO;
				GCC_NO_COMMON_BLOCKS = YES;
				GCC_OPTIMIZATION_LEVEL = 0;
				GCC_PREPROCESSOR_DEFINITIONS = (
					"DEBUG=1",
					"$(inherited)",
				);
				GCC_WARN_64_TO_32_BIT_CONVERSION = YES;
				GCC_WARN_ABOUT_RETURN_TYPE = YES_ERROR;
				GCC_WARN_UNDECLARED_SELECTOR = YES;
				GCC_WARN_UNINITIALIZED_AUTOS = YES_AGGRESSIVE;
				GCC_WARN_UNUSED_FUNCTION = YES;
				GCC_WARN_UNUSED_VARIABLE = YES;
				IPHONEOS_DEPLOYMENT_TARGET = 11.2;
				MTL_ENABLE_DEBUG_INFO = YES;
				ONLY_ACTIVE_ARCH = YES;
				SDKROOT = iphoneos;
			};
			name = Debug;
		};
		02F2BC3C1FD4F9B100D3CAF3 /* Release */ = {
			isa = XCBuildConfiguration;
			buildSettings = {
				ALWAYS_SEARCH_USER_PATHS = NO;
				CLANG_ANALYZER_NONNULL = YES;
				CLANG_ANALYZER_NUMBER_OBJECT_CONVERSION = YES_AGGRESSIVE;
				CLANG_CXX_LANGUAGE_STANDARD = "gnu++14";
				CLANG_CXX_LIBRARY = "libc++";
				CLANG_ENABLE_MODULES = YES;
				CLANG_ENABLE_OBJC_ARC = YES;
				CLANG_WARN_BLOCK_CAPTURE_AUTORELEASING = YES;
				CLANG_WARN_BOOL_CONVERSION = YES;
				CLANG_WARN_COMMA = YES;
				CLANG_WARN_CONSTANT_CONVERSION = YES;
				CLANG_WARN_DIRECT_OBJC_ISA_USAGE = YES_ERROR;
				CLANG_WARN_DOCUMENTATION_COMMENTS = YES;
				CLANG_WARN_EMPTY_BODY = YES;
				CLANG_WARN_ENUM_CONVERSION = YES;
				CLANG_WARN_INFINITE_RECURSION = YES;
				CLANG_WARN_INT_CONVERSION = YES;
				CLANG_WARN_NON_LITERAL_NULL_CONVERSION = YES;
				CLANG_WARN_OBJC_LITERAL_CONVERSION = YES;
				CLANG_WARN_OBJC_ROOT_CLASS = YES_ERROR;
				CLANG_WARN_RANGE_LOOP_ANALYSIS = YES;
				CLANG_WARN_STRICT_PROTOTYPES = YES;
				CLANG_WARN_SUSPICIOUS_MOVE = YES;
				CLANG_WARN_UNGUARDED_AVAILABILITY = YES_AGGRESSIVE;
				CLANG_WARN_UNREACHABLE_CODE = YES;
				CLANG_WARN__DUPLICATE_METHOD_MATCH = YES;
				CODE_SIGN_IDENTITY = "iPhone Developer";
				COPY_PHASE_STRIP = NO;
				DEBUG_INFORMATION_FORMAT = "dwarf-with-dsym";
				ENABLE_NS_ASSERTIONS = NO;
				ENABLE_STRICT_OBJC_MSGSEND = YES;
				GCC_C_LANGUAGE_STANDARD = gnu11;
				GCC_NO_COMMON_BLOCKS = YES;
				GCC_WARN_64_TO_32_BIT_CONVERSION = YES;
				GCC_WARN_ABOUT_RETURN_TYPE = YES_ERROR;
				GCC_WARN_UNDECLARED_SELECTOR = YES;
				GCC_WARN_UNINITIALIZED_AUTOS = YES_AGGRESSIVE;
				GCC_WARN_UNUSED_FUNCTION = YES;
				GCC_WARN_UNUSED_VARIABLE = YES;
				IPHONEOS_DEPLOYMENT_TARGET = 11.2;
				MTL_ENABLE_DEBUG_INFO = NO;
				SDKROOT = iphoneos;
				VALIDATE_PRODUCT = YES;
			};
			name = Release;
		};
		02F2BC3E1FD4F9B100D3CAF3 /* Debug */ = {
			isa = XCBuildConfiguration;
			baseConfigurationReference = F3D9691744A1FDF565E0EE87 /* Pods-MyTestProject.debug.xcconfig */;
			buildSettings = {
				ASSETCATALOG_COMPILER_APPICON_NAME = AppIcon;
				CODE_SIGN_STYLE = Automatic;
				DEVELOPMENT_TEAM = 883RB2PT5K;
				INFOPLIST_FILE = MyTestProject/Info.plist;
				IPHONEOS_DEPLOYMENT_TARGET = 11.0;
				LD_RUNPATH_SEARCH_PATHS = "$(inherited) @executable_path/Frameworks";
				PRODUCT_BUNDLE_IDENTIFIER = Apple.MyTestProject;
				PRODUCT_NAME = "$(TARGET_NAME)";
				TARGETED_DEVICE_FAMILY = "1,2";
			};
			name = Debug;
		};
		02F2BC3F1FD4F9B100D3CAF3 /* Release */ = {
			isa = XCBuildConfiguration;
			baseConfigurationReference = 0F06A79B694C9AFB9D3F2C68 /* Pods-MyTestProject.release.xcconfig */;
			buildSettings = {
				ASSETCATALOG_COMPILER_APPICON_NAME = AppIcon;
				CODE_SIGN_STYLE = Automatic;
				DEVELOPMENT_TEAM = 883RB2PT5K;
				INFOPLIST_FILE = MyTestProject/Info.plist;
				IPHONEOS_DEPLOYMENT_TARGET = 11.0;
				LD_RUNPATH_SEARCH_PATHS = "$(inherited) @executable_path/Frameworks";
				PRODUCT_BUNDLE_IDENTIFIER = Apple.MyTestProject;
				PRODUCT_NAME = "$(TARGET_NAME)";
				TARGETED_DEVICE_FAMILY = "1,2";
			};
			name = Release;
		};
/* End XCBuildConfiguration section */

/* Begin XCConfigurationList section */
		02F2BC221FD4F9B100D3CAF3 /* Build configuration list for PBXProject "MyTestProject" */ = {
			isa = XCConfigurationList;
			buildConfigurations = (
				02F2BC3B1FD4F9B100D3CAF3 /* Debug */,
				02F2BC3C1FD4F9B100D3CAF3 /* Release */,
			);
			defaultConfigurationIsVisible = 0;
			defaultConfigurationName = Release;
		};
		02F2BC3D1FD4F9B100D3CAF3 /* Build configuration list for PBXNativeTarget "MyTestProject" */ = {
			isa = XCConfigurationList;
			buildConfigurations = (
				02F2BC3E1FD4F9B100D3CAF3 /* Debug */,
				02F2BC3F1FD4F9B100D3CAF3 /* Release */,
			);
			defaultConfigurationIsVisible = 0;
			defaultConfigurationName = Release;
		};
/* End XCConfigurationList section */
	};
	rootObject = 02F2BC1F1FD4F9B100D3CAF3 /* Project object */;
}
